
Microsoft Visual Studio Solution File, Format Version 12.00
# Visual Studio Version 17
VisualStudioVersion = 17.9.34728.123
MinimumVisualStudioVersion = 10.0.40219.1
Project("{8BC9CEB8-8B4A-11D0-8D11-00A0C91BC942}") = "Project_DataStructure", "Project_DataStructure.vcxproj", "{220EC169-20E7-49A2-9D94-A0A1E5BFDAF7}"
EndProject
Global
	GlobalSection(SolutionConfigurationPlatforms) = preSolution
		Debug|x64 = Debug|x64
		Debug|x86 = Debug|x86
		Release|x64 = Release|x64
		Release|x86 = Release|x86
	EndGlobalSection
	GlobalSection(ProjectConfigurationPlatforms) = postSolution
		{220EC169-20E7-49A2-9D94-A0A1E5BFDAF7}.Debug|x64.ActiveCfg = Debug|x64
		{220EC169-20E7-49A2-9D94-A0A1E5BFDAF7}.Debug|x64.Build.0 = Debug|x64
		{220EC169-20E7-49A2-9D94-A0A1E5BFDAF7}.Debug|x86.ActiveCfg = Debug|Win32
		{220EC169-20E7-49A2-9D94-A0A1E5BFDAF7}.Debug|x86.Build.0 = Debug|Win32
		{220EC169-20E7-49A2-9D94-A0A1E5BFDAF7}.Release|x64.ActiveCfg = Release|x64
		{220EC169-20E7-49A2-9D94-A0A1E5BFDAF7}.Release|x64.Build.0 = Release|x64
		{220EC169-20E7-49A2-9D94-A0A1E5BFDAF7}.Release|x86.ActiveCfg = Release|Win32
		{220EC169-20E7-49A2-9D94-A0A1E5BFDAF7}.Release|x86.Build.0 = Release|Win32
	EndGlobalSection
	GlobalSection(SolutionProperties) = preSolution
		HideSolutionNode = FALSE
	EndGlobalSection
	GlobalSection(ExtensibilityGlobals) = postSolution
		SolutionGuid = {98F2C756-B5A5-4503-A3C6-3B9D858C28AC}
	EndGlobalSection
EndGlobal
